
Microsoft Visual Studio Solution File, Format Version 12.00
# Visual Studio Version 17
VisualStudioVersion = 17.0.31903.59
MinimumVisualStudioVersion = 10.0.40219.1
Project("{2150E333-8FDC-42A3-9474-1A3956D46DE8}") = "src", "src", "{827E0CD3-B72D-47B6-A68D-7590B98EB39B}"
EndProject
Project("{FAE04EC0-301F-11D3-BF4B-00C04F79EFBC}") = "Standards.Net.API", "src\Standards.Net.API\Standards.Net.API.csproj", "{E35E120A-39AF-4D45-A8E1-D54DD2E62F73}"
EndProject
Project("{FAE04EC0-301F-11D3-BF4B-00C04F79EFBC}") = "Standards.Net.Exceptions", "src\Standards.Net.Exceptions\Standards.Net.Exceptions.csproj", "{E59FED57-4C5B-4B9E-846B-CF9969FADA31}"
EndProject
Project("{FAE04EC0-301F-11D3-BF4B-00C04F79EFBC}") = "Standards.Net.Application", "src\Standards.Net.Application\Standards.Net.Application.csproj", "{24D35C1D-35D0-4667-90C7-50390337C2D7}"
EndProject
Global
	GlobalSection(SolutionConfigurationPlatforms) = preSolution
		Debug|Any CPU = Debug|Any CPU
		Debug|x64 = Debug|x64
		Debug|x86 = Debug|x86
		Release|Any CPU = Release|Any CPU
		Release|x64 = Release|x64
		Release|x86 = Release|x86
	EndGlobalSection
	GlobalSection(ProjectConfigurationPlatforms) = postSolution
		{E35E120A-39AF-4D45-A8E1-D54DD2E62F73}.Debug|Any CPU.ActiveCfg = Debug|Any CPU
		{E35E120A-39AF-4D45-A8E1-D54DD2E62F73}.Debug|Any CPU.Build.0 = Debug|Any CPU
		{E35E120A-39AF-4D45-A8E1-D54DD2E62F73}.Debug|x64.ActiveCfg = Debug|Any CPU
		{E35E120A-39AF-4D45-A8E1-D54DD2E62F73}.Debug|x64.Build.0 = Debug|Any CPU
		{E35E120A-39AF-4D45-A8E1-D54DD2E62F73}.Debug|x86.ActiveCfg = Debug|Any CPU
		{E35E120A-39AF-4D45-A8E1-D54DD2E62F73}.Debug|x86.Build.0 = Debug|Any CPU
		{E35E120A-39AF-4D45-A8E1-D54DD2E62F73}.Release|Any CPU.ActiveCfg = Release|Any CPU
		{E35E120A-39AF-4D45-A8E1-D54DD2E62F73}.Release|Any CPU.Build.0 = Release|Any CPU
		{E35E120A-39AF-4D45-A8E1-D54DD2E62F73}.Release|x64.ActiveCfg = Release|Any CPU
		{E35E120A-39AF-4D45-A8E1-D54DD2E62F73}.Release|x64.Build.0 = Release|Any CPU
		{E35E120A-39AF-4D45-A8E1-D54DD2E62F73}.Release|x86.ActiveCfg = Release|Any CPU
		{E35E120A-39AF-4D45-A8E1-D54DD2E62F73}.Release|x86.Build.0 = Release|Any CPU
		{E59FED57-4C5B-4B9E-846B-CF9969FADA31}.Debug|Any CPU.ActiveCfg = Debug|Any CPU
		{E59FED57-4C5B-4B9E-846B-CF9969FADA31}.Debug|Any CPU.Build.0 = Debug|Any CPU
		{E59FED57-4C5B-4B9E-846B-CF9969FADA31}.Debug|x64.ActiveCfg = Debug|Any CPU
		{E59FED57-4C5B-4B9E-846B-CF9969FADA31}.Debug|x64.Build.0 = Debug|Any CPU
		{E59FED57-4C5B-4B9E-846B-CF9969FADA31}.Debug|x86.ActiveCfg = Debug|Any CPU
		{E59FED57-4C5B-4B9E-846B-CF9969FADA31}.Debug|x86.Build.0 = Debug|Any CPU
		{E59FED57-4C5B-4B9E-846B-CF9969FADA31}.Release|Any CPU.ActiveCfg = Release|Any CPU
		{E59FED57-4C5B-4B9E-846B-CF9969FADA31}.Release|Any CPU.Build.0 = Release|Any CPU
		{E59FED57-4C5B-4B9E-846B-CF9969FADA31}.Release|x64.ActiveCfg = Release|Any CPU
		{E59FED57-4C5B-4B9E-846B-CF9969FADA31}.Release|x64.Build.0 = Release|Any CPU
		{E59FED57-4C5B-4B9E-846B-CF9969FADA31}.Release|x86.ActiveCfg = Release|Any CPU
		{E59FED57-4C5B-4B9E-846B-CF9969FADA31}.Release|x86.Build.0 = Release|Any CPU
		{24D35C1D-35D0-4667-90C7-50390337C2D7}.Debug|Any CPU.ActiveCfg = Debug|Any CPU
		{24D35C1D-35D0-4667-90C7-50390337C2D7}.Debug|Any CPU.Build.0 = Debug|Any CPU
		{24D35C1D-35D0-4667-90C7-50390337C2D7}.Debug|x64.ActiveCfg = Debug|Any CPU
		{24D35C1D-35D0-4667-90C7-50390337C2D7}.Debug|x64.Build.0 = Debug|Any CPU
		{24D35C1D-35D0-4667-90C7-50390337C2D7}.Debug|x86.ActiveCfg = Debug|Any CPU
		{24D35C1D-35D0-4667-90C7-50390337C2D7}.Debug|x86.Build.0 = Debug|Any CPU
		{24D35C1D-35D0-4667-90C7-50390337C2D7}.Release|Any CPU.ActiveCfg = Release|Any CPU
		{24D35C1D-35D0-4667-90C7-50390337C2D7}.Release|Any CPU.Build.0 = Release|Any CPU
		{24D35C1D-35D0-4667-90C7-50390337C2D7}.Release|x64.ActiveCfg = Release|Any CPU
		{24D35C1D-35D0-4667-90C7-50390337C2D7}.Release|x64.Build.0 = Release|Any CPU
		{24D35C1D-35D0-4667-90C7-50390337C2D7}.Release|x86.ActiveCfg = Release|Any CPU
		{24D35C1D-35D0-4667-90C7-50390337C2D7}.Release|x86.Build.0 = Release|Any CPU
	EndGlobalSection
	GlobalSection(SolutionProperties) = preSolution
		HideSolutionNode = FALSE
	EndGlobalSection
	GlobalSection(NestedProjects) = preSolution
		{E35E120A-39AF-4D45-A8E1-D54DD2E62F73} = {827E0CD3-B72D-47B6-A68D-7590B98EB39B}
		{E59FED57-4C5B-4B9E-846B-CF9969FADA31} = {827E0CD3-B72D-47B6-A68D-7590B98EB39B}
		{24D35C1D-35D0-4667-90C7-50390337C2D7} = {827E0CD3-B72D-47B6-A68D-7590B98EB39B}
	EndGlobalSection
EndGlobal
